Microsoft Visual Studio Solution File, Format Version 12.00
# Visual Studio Version 17
VisualStudioVersion = 17.5.2.0
MinimumVisualStudioVersion = 10.0.40219.1
Project("{FAE04EC0-301F-11D3-BF4B-00C04F79EFBC}") = "api", "api\api.csproj", "{CBFA08EA-AECE-205F-7B85-326FD0B81BAD}"
EndProject
Project("{FAE04EC0-301F-11D3-BF4B-00C04F79EFBC}") = "DataAccessLayer", "DataAccessLayer\DataAccessLayer.csproj", "{7DF654E0-5E80-4503-B6D1-CE309EB9EA91}"
EndProject
Project("{FAE04EC0-301F-11D3-BF4B-00C04F79EFBC}") = "Models", "Models\Models.csproj", "{9E21332A-5B0F-4D1D-BACA-46FBA1B826CB}"
EndProject
Global
	GlobalSection(SolutionConfigurationPlatforms) = preSolution
		Debug|Any CPU = Debug|Any CPU
		Release|Any CPU = Release|Any CPU
	EndGlobalSection
	GlobalSection(ProjectConfigurationPlatforms) = postSolution
		{CBFA08EA-AECE-205F-7B85-326FD0B81BAD}.Debug|Any CPU.ActiveCfg = Debug|Any CPU
		{CBFA08EA-AECE-205F-7B85-326FD0B81BAD}.Debug|Any CPU.Build.0 = Debug|Any CPU
		{CBFA08EA-AECE-205F-7B85-326FD0B81BAD}.Release|Any CPU.ActiveCfg = Release|Any CPU
		{CBFA08EA-AECE-205F-7B85-326FD0B81BAD}.Release|Any CPU.Build.0 = Release|Any CPU
		{7DF654E0-5E80-4503-B6D1-CE309EB9EA91}.Debug|Any CPU.ActiveCfg = Debug|Any CPU
		{7DF654E0-5E80-4503-B6D1-CE309EB9EA91}.Debug|Any CPU.Build.0 = Debug|Any CPU
		{7DF654E0-5E80-4503-B6D1-CE309EB9EA91}.Release|Any CPU.ActiveCfg = Release|Any CPU
		{7DF654E0-5E80-4503-B6D1-CE309EB9EA91}.Release|Any CPU.Build.0 = Release|Any CPU
		{9E21332A-5B0F-4D1D-BACA-46FBA1B826CB}.Debug|Any CPU.ActiveCfg = Debug|Any CPU
		{9E21332A-5B0F-4D1D-BACA-46FBA1B826CB}.Debug|Any CPU.Build.0 = Debug|Any CPU
		{9E21332A-5B0F-4D1D-BACA-46FBA1B826CB}.Release|Any CPU.ActiveCfg = Release|Any CPU
		{9E21332A-5B0F-4D1D-BACA-46FBA1B826CB}.Release|Any CPU.Build.0 = Release|Any CPU
	EndGlobalSection
	GlobalSection(SolutionProperties) = preSolution
		HideSolutionNode = FALSE
	EndGlobalSection
	GlobalSection(ExtensibilityGlobals) = postSolution
		SolutionGuid = {ED3D04E2-4C6A-4036-AEA6-7815B2897DEE}
	EndGlobalSection
EndGlobal
